
Microsoft Visual Studio Solution File, Format Version 12.00
# Visual Studio 15
VisualStudioVersion = 15.0.28307.705
MinimumVisualStudioVersion = 10.0.40219.1
Project("{FAE04EC0-301F-11D3-BF4B-00C04F79EFBC}") = "TestSignalR", "TestSignalR\TestSignalR.csproj", "{19AB936A-7190-4510-8E1C-D7824031AAF6}"
EndProject
Global
	GlobalSection(SolutionConfigurationPlatforms) = preSolution
		Debug|Any CPU = Debug|Any CPU
		Release|Any CPU = Release|Any CPU
	EndGlobalSection
	GlobalSection(ProjectConfigurationPlatforms) = postSolution
		{19AB936A-7190-4510-8E1C-D7824031AAF6}.Debug|Any CPU.ActiveCfg = Debug|Any CPU
		{19AB936A-7190-4510-8E1C-D7824031AAF6}.Debug|Any CPU.Build.0 = Debug|Any CPU
		{19AB936A-7190-4510-8E1C-D7824031AAF6}.Release|Any CPU.ActiveCfg = Release|Any CPU
		{19AB936A-7190-4510-8E1C-D7824031AAF6}.Release|Any CPU.Build.0 = Release|Any CPU
	EndGlobalSection
	GlobalSection(SolutionProperties) = preSolution
		HideSolutionNode = FALSE
	EndGlobalSection
	GlobalSection(ExtensibilityGlobals) = postSolution
		SolutionGuid = {CA9010CC-CB7F-4DC9-86F1-2155A7EF022A}
	EndGlobalSection
EndGlobal
